
Microsoft Visual Studio Solution File, Format Version 12.00
# Visual Studio Version 17
VisualStudioVersion = 17.2.32526.322
MinimumVisualStudioVersion = 10.0.40219.1
Project("{9A19103F-16F7-4668-BE54-9A1E7A4F7556}") = "NLayer.API", "NLayer.API\NLayer.API.csproj", "{C55409E2-0A9D-4BB0-AB7F-89AA50D91728}"
EndProject
Project("{9A19103F-16F7-4668-BE54-9A1E7A4F7556}") = "NLayer.Data", "NLayer.Data\NLayer.Data.csproj", "{E29A3B68-9A84-4E93-A5AA-6399A9C97A1A}"
EndProject
Project("{9A19103F-16F7-4668-BE54-9A1E7A4F7556}") = "NLayer.Service", "NLayer.Service\NLayer.Service.csproj", "{4A17E9D4-E2EB-4934-921B-51CB92F71DEE}"
EndProject
Project("{2150E333-8FDC-42A3-9474-1A3956D46DE8}") = "Scripts", "Scripts", "{3614C1C2-CAFA-4EA2-8B59-F73F01116C87}"
	ProjectSection(SolutionItems) = preProject
		DDL.sql = DDL.sql
		DML.sql = DML.sql
	EndProjectSection
EndProject
Global
	GlobalSection(SolutionConfigurationPlatforms) = preSolution
		Debug|Any CPU = Debug|Any CPU
		Release|Any CPU = Release|Any CPU
	EndGlobalSection
	GlobalSection(ProjectConfigurationPlatforms) = postSolution
		{C55409E2-0A9D-4BB0-AB7F-89AA50D91728}.Debug|Any CPU.ActiveCfg = Debug|Any CPU
		{C55409E2-0A9D-4BB0-AB7F-89AA50D91728}.Debug|Any CPU.Build.0 = Debug|Any CPU
		{C55409E2-0A9D-4BB0-AB7F-89AA50D91728}.Release|Any CPU.ActiveCfg = Release|Any CPU
		{C55409E2-0A9D-4BB0-AB7F-89AA50D91728}.Release|Any CPU.Build.0 = Release|Any CPU
		{E29A3B68-9A84-4E93-A5AA-6399A9C97A1A}.Debug|Any CPU.ActiveCfg = Debug|Any CPU
		{E29A3B68-9A84-4E93-A5AA-6399A9C97A1A}.Debug|Any CPU.Build.0 = Debug|Any CPU
		{E29A3B68-9A84-4E93-A5AA-6399A9C97A1A}.Release|Any CPU.ActiveCfg = Release|Any CPU
		{E29A3B68-9A84-4E93-A5AA-6399A9C97A1A}.Release|Any CPU.Build.0 = Release|Any CPU
		{4A17E9D4-E2EB-4934-921B-51CB92F71DEE}.Debug|Any CPU.ActiveCfg = Debug|Any CPU
		{4A17E9D4-E2EB-4934-921B-51CB92F71DEE}.Debug|Any CPU.Build.0 = Debug|Any CPU
		{4A17E9D4-E2EB-4934-921B-51CB92F71DEE}.Release|Any CPU.ActiveCfg = Release|Any CPU
		{4A17E9D4-E2EB-4934-921B-51CB92F71DEE}.Release|Any CPU.Build.0 = Release|Any CPU
	EndGlobalSection
	GlobalSection(SolutionProperties) = preSolution
		HideSolutionNode = FALSE
	EndGlobalSection
	GlobalSection(ExtensibilityGlobals) = postSolution
		SolutionGuid = {AAEF2153-8E2F-4396-96A6-10D2495C5630}
	EndGlobalSection
EndGlobal
